
Microsoft Visual Studio Solution File, Format Version 12.00
# Visual Studio Version 16
VisualStudioVersion = 16.0.31702.278
MinimumVisualStudioVersion = 10.0.40219.1
Project("{FAE04EC0-301F-11D3-BF4B-00C04F79EFBC}") = "geometric_shapes", "geometric_shapes\geometric_shapes.csproj", "{FC445B29-0026-4B2B-ACEB-363957D2265C}"
EndProject
Global
	GlobalSection(SolutionConfigurationPlatforms) = preSolution
		Debug|Any CPU = Debug|Any CPU
		Release|Any CPU = Release|Any CPU
	EndGlobalSection
	GlobalSection(ProjectConfigurationPlatforms) = postSolution
		{FC445B29-0026-4B2B-ACEB-363957D2265C}.Debug|Any CPU.ActiveCfg = Debug|Any CPU
		{FC445B29-0026-4B2B-ACEB-363957D2265C}.Debug|Any CPU.Build.0 = Debug|Any CPU
		{FC445B29-0026-4B2B-ACEB-363957D2265C}.Release|Any CPU.ActiveCfg = Release|Any CPU
		{FC445B29-0026-4B2B-ACEB-363957D2265C}.Release|Any CPU.Build.0 = Release|Any CPU
	EndGlobalSection
	GlobalSection(SolutionProperties) = preSolution
		HideSolutionNode = FALSE
	EndGlobalSection
	GlobalSection(ExtensibilityGlobals) = postSolution
		SolutionGuid = {69A80E4C-09F3-4009-A69C-FBAAB39BE740}
	EndGlobalSection
EndGlobal
